github.com/Keshinryan/Belajar-Go-Modules v1.0.0 h1:yImdjMqddVEc8FEEJMl3kOvtfCyScM1f8rEhG5G37No=
github.com/Keshinryan/Belajar-Go-Modules v1.0.0/go.mod h1:f2L6ZghVwsZYtJZ+cDqvyLREHCkU5r0bPXPiEfnSQqM=
github.com/Keshinryan/Belajar-Go-Modules v1.0.1 h1:/N2K0ZDz8CAz8nNoNSDXyOuEniPBAT0BRVXRddvAuic=
github.com/Keshinryan/Belajar-Go-Modules v1.0.1/go.mod h1:f2L6ZghVwsZYtJZ+cDqvyLREHCkU5r0bPXPiEfnSQqM=
github.com/Keshinryan/Belajar-Go-Modules/v2 v2.0.0 h1:vDO8G+WRsB9M3D57gjk95n/eM4wnjDYreeIZ5k9K39s=
github.com/Keshinryan/Belajar-Go-Modules/v2 v2.0.0/go.mod h1:G9gVZaVkBTwHYyC33Ak4q0IhbyveWuA5UxgfR1YDw9k=
